
Microsoft Visual Studio Solution File, Format Version 12.00
# Visual Studio 2012
Project("{8BC9CEB8-8B4A-11D0-8D11-00A0C91BC942}") = "FingerTracking", "FingerTracking\FingerTracking.vcxproj", "{BCE58AA9-76D6-4AD3-BFC2-4EBC42C7E818}"
EndProject
Global
	GlobalSection(SolutionConfigurationPlatforms) = preSolution
		Debug|Win32 = Debug|Win32
		Debug|x64 = Debug|x64
		Release|Win32 = Release|Win32
		Release|x64 = Release|x64
	EndGlobalSection
	GlobalSection(ProjectConfigurationPlatforms) = postSolution
		{BCE58AA9-76D6-4AD3-BFC2-4EBC42C7E818}.Debug|Win32.ActiveCfg = Debug|Win32
		{BCE58AA9-76D6-4AD3-BFC2-4EBC42C7E818}.Debug|Win32.Build.0 = Debug|Win32
		{BCE58AA9-76D6-4AD3-BFC2-4EBC42C7E818}.Debug|x64.ActiveCfg = Debug|x64
		{BCE58AA9-76D6-4AD3-BFC2-4EBC42C7E818}.Debug|x64.Build.0 = Debug|x64
		{BCE58AA9-76D6-4AD3-BFC2-4EBC42C7E818}.Release|Win32.ActiveCfg = Release|Win32
		{BCE58AA9-76D6-4AD3-BFC2-4EBC42C7E818}.Release|Win32.Build.0 = Release|Win32
		{BCE58AA9-76D6-4AD3-BFC2-4EBC42C7E818}.Release|x64.ActiveCfg = Release|x64
		{BCE58AA9-76D6-4AD3-BFC2-4EBC42C7E818}.Release|x64.Build.0 = Release|x64
	EndGlobalSection
	GlobalSection(SolutionProperties) = preSolution
		HideSolutionNode = FALSE
	EndGlobalSection
EndGlobal
